// !$*UTF8*$!
{
	archiveVersion = 1;
	classes = {
	};
	objectVersion = 46;
	objects = {

/* Begin PBXBuildFile section */
		87B1833B1AB917DE00BB2515 /* StopMotionModeSetTableViewController.m in Sources */ = {isa = PBXBuildFile; fileRef = 87B1833A1AB917DE00BB2515 /* StopMotionModeSetTableViewController.m */; };
		87B183401AB91DCE00BB2515 /* HelpViewController.m in Sources */ = {isa = PBXBuildFile; fileRef = 87B1833F1AB91DCE00BB2515 /* HelpViewController.m */; };
		87B183431AB920D700BB2515 /* UIPickerView_SelectionBarLabelSupport.m in Sources */ = {isa = PBXBuildFile; fileRef = 87B183421AB920D700BB2515 /* UIPickerView_SelectionBarLabelSupport.m */; };
		87B183461AB92DAE00BB2515 /* StopMotionModeReviewViewController.m in Sources */ = {isa = PBXBuildFile; fileRef = 87B183451AB92DAE00BB2515 /* StopMotionModeReviewViewController.m */; };
		87B183491AB9357D00BB2515 /* ConnectionHelperViewController.m in Sources */ = {isa = PBXBuildFile; fileRef = 87B183481AB9357D00BB2515 /* ConnectionHelperViewController.m */; };
		D03958631AB4F609001F6A4D /* TimeLapseModeReviewViewController.m in Sources */ = {isa = PBXBuildFile; fileRef = D03958621AB4F609001F6A4D /* TimeLapseModeReviewViewController.m */; };
		D03958661AB4F6E0001F6A4D /* TimeLapseModeSetTableViewController.m in Sources */ = {isa = PBXBuildFile; fileRef = D03958651AB4F6E0001F6A4D /* TimeLapseModeSetTableViewController.m */; };
		D03958691AB4F9B3001F6A4D /* LabeledPickerView.m in Sources */ = {isa = PBXBuildFile; fileRef = D03958681AB4F9B3001F6A4D /* LabeledPickerView.m */; };
		D0421B7A1AA96CA50069C601 /* main.m in Sources */ = {isa = PBXBuildFile; fileRef = D0421B791AA96CA50069C601 /* main.m */; };
		D0421B7D1AA96CA50069C601 /* AppDelegate.m in Sources */ = {isa = PBXBuildFile; fileRef = D0421B7C1AA96CA50069C601 /* AppDelegate.m */; };
		D0421B831AA96CA50069C601 /* Main.storyboard in Resources */ = {isa = PBXBuildFile; fileRef = D0421B811AA96CA50069C601 /* Main.storyboard */; };
		D0421B851AA96CA50069C601 /* Images.xcassets in Resources */ = {isa = PBXBuildFile; fileRef = D0421B841AA96CA50069C601 /* Images.xcassets */; };
		D0421B881AA96CA50069C601 /* LaunchScreen.xib in Resources */ = {isa = PBXBuildFile; fileRef = D0421B861AA96CA50069C601 /* LaunchScreen.xib */; };
		D05880C01AB2902E006D7760 /* 37x-Checkmark.png in Resources */ = {isa = PBXBuildFile; fileRef = D05880BE1AB2902E006D7760 /* 37x-Checkmark.png */; };
		D05880C11AB2902E006D7760 /* 37x-Checkmark@2x.png in Resources */ = {isa = PBXBuildFile; fileRef = D05880BF1AB2902E006D7760 /* 37x-Checkmark@2x.png */; };
		D05DD6A31AAE82710088AF10 /* Constants.m in Sources */ = {isa = PBXBuildFile; fileRef = D05DD6A21AAE82710088AF10 /* Constants.m */; };
		D05DD6A61AAEA6DA0088AF10 /* MBProgressHUD.m in Sources */ = {isa = PBXBuildFile; fileRef = D05DD6A51AAEA6DA0088AF10 /* MBProgressHUD.m */; };
		D05DD6B01AAF8CE10088AF10 /* HermesControllerManager.m in Sources */ = {isa = PBXBuildFile; fileRef = D05DD6AF1AAF8CE10088AF10 /* HermesControllerManager.m */; };
		D05DD6B31AB0D4130088AF10 /* BLEInterface.m in Sources */ = {isa = PBXBuildFile; fileRef = D05DD6B21AB0D4130088AF10 /* BLEInterface.m */; };
		D0751F9B1AACF03600439377 /* LiveModeViewController.m in Sources */ = {isa = PBXBuildFile; fileRef = D0751F9A1AACF03600439377 /* LiveModeViewController.m */; };
		D0F234701AB7DBF600E6D609 /* PositionViewController.m in Sources */ = {isa = PBXBuildFile; fileRef = D0F2346F1AB7DBF600E6D609 /* PositionViewController.m */; };
/* End PBXBuildFile section */

/* Begin PBXContainerItemProxy section */
		D0421B8E1AA96CA50069C601 /* PBXContainerItemProxy */ = {
			isa = PBXContainerItemProxy;
			containerPortal = D0421B6C1AA96CA50069C601 /* Project object */;
			proxyType = 1;
			remoteGlobalIDString = D0421B731AA96CA50069C601;
			remoteInfo = "Hermes Controller";
		};
/* End PBXContainerItemProxy section */

/* Begin PBXFileReference section */
		87B183391AB917DE00BB2515 /* StopMotionModeSetTableViewController.h */ = {isa = PBXFileReference; fileEncoding = 4; lastKnownFileType = sourcecode.c.h; path = StopMotionModeSetTableViewController.h; sourceTree = "<group>"; };
		87B1833A1AB917DE00BB2515 /* StopMotionModeSetTableViewController.m */ = {isa = PBXFileReference; fileEncoding = 4; lastKnownFileType = sourcecode.c.objc; path = StopMotionModeSetTableViewController.m; sourceTree = "<group>"; };
		87B1833E1AB91DCE00BB2515 /* HelpViewController.h */ = {isa = PBXFileReference; fileEncoding = 4; lastKnownFileType = sourcecode.c.h; path = HelpViewController.h; sourceTree = "<group>"; };
		87B1833F1AB91DCE00BB2515 /* HelpViewController.m */ = {isa = PBXFileReference; fileEncoding = 4; lastKnownFileType = sourcecode.c.objc; path = HelpViewController.m; sourceTree = "<group>"; };
		87B183411AB920B500BB2515 /* UIPickerView_SelectionBarLabelSupport.h */ = {isa = PBXFileReference; lastKnownFileType = sourcecode.c.h; path = UIPickerView_SelectionBarLabelSupport.h; sourceTree = "<group>"; };
		87B183421AB920D700BB2515 /* UIPickerView_SelectionBarLabelSupport.m */ = {isa = PBXFileReference; fileEncoding = 4; lastKnownFileType = sourcecode.c.objc; path = UIPickerView_SelectionBarLabelSupport.m; sourceTree = "<group>"; };
		87B183441AB92DAE00BB2515 /* StopMotionModeReviewViewController.h */ = {isa = PBXFileReference; fileEncoding = 4; lastKnownFileType = sourcecode.c.h; path = StopMotionModeReviewViewController.h; sourceTree = "<group>"; };
		87B183451AB92DAE00BB2515 /* StopMotionModeReviewViewController.m */ = {isa = PBXFileReference; fileEncoding = 4; lastKnownFileType = sourcecode.c.objc; path = StopMotionModeReviewViewController.m; sourceTree = "<group>"; };
		87B183471AB9357D00BB2515 /* ConnectionHelperViewController.h */ = {isa = PBXFileReference; fileEncoding = 4; lastKnownFileType = sourcecode.c.h; path = ConnectionHelperViewController.h; sourceTree = "<group>"; };
		87B183481AB9357D00BB2515 /* ConnectionHelperViewController.m */ = {isa = PBXFileReference; fileEncoding = 4; lastKnownFileType = sourcecode.c.objc; path = ConnectionHelperViewController.m; sourceTree = "<group>"; };
		D03958611AB4F609001F6A4D /* TimeLapseModeReviewViewController.h */ = {isa = PBXFileReference; fileEncoding = 4; lastKnownFileType = sourcecode.c.h; path = TimeLapseModeReviewViewController.h; sourceTree = "<group>"; };
		D03958621AB4F609001F6A4D /* TimeLapseModeReviewViewController.m */ = {isa = PBXFileReference; fileEncoding = 4; lastKnownFileType = sourcecode.c.objc; path = TimeLapseModeReviewViewController.m; sourceTree = "<group>"; };
		D03958641AB4F6E0001F6A4D /* TimeLapseModeSetTableViewController.h */ = {isa = PBXFileReference; fileEncoding = 4; lastKnownFileType = sourcecode.c.h; path = TimeLapseModeSetTableViewController.h; sourceTree = "<group>"; };
		D03958651AB4F6E0001F6A4D /* TimeLapseModeSetTableViewController.m */ = {isa = PBXFileReference; fileEncoding = 4; lastKnownFileType = sourcecode.c.objc; path = TimeLapseModeSetTableViewController.m; sourceTree = "<group>"; };
		D03958671AB4F9B3001F6A4D /* LabeledPickerView.h */ = {isa = PBXFileReference; fileEncoding = 4; lastKnownFileType = sourcecode.c.h; path = LabeledPickerView.h; sourceTree = "<group>"; };
		D03958681AB4F9B3001F6A4D /* LabeledPickerView.m */ = {isa = PBXFileReference; fileEncoding = 4; lastKnownFileType = sourcecode.c.objc; path = LabeledPickerView.m; sourceTree = "<group>"; };
		D0421B741AA96CA50069C601 /* HermesControllerApp.app */ = {isa = PBXFileReference; explicitFileType = wrapper.application; includeInIndex = 0; path = HermesControllerApp.app; sourceTree = BUILT_PRODUCTS_DIR; };
		D0421B781AA96CA50069C601 /* Info.plist */ = {isa = PBXFileReference; lastKnownFileType = text.plist.xml; path = Info.plist; sourceTree = "<group>"; };
		D0421B791AA96CA50069C601 /* main.m */ = {isa = PBXFileReference; lastKnownFileType = sourcecode.c.objc; path = main.m; sourceTree = "<group>"; };
		D0421B7B1AA96CA50069C601 /* AppDelegate.h */ = {isa = PBXFileReference; lastKnownFileType = sourcecode.c.h; path = AppDelegate.h; sourceTree = "<group>"; };
		D0421B7C1AA96CA50069C601 /* AppDelegate.m */ = {isa = PBXFileReference; lastKnownFileType = sourcecode.c.objc; path = AppDelegate.m; sourceTree = "<group>"; };
		D0421B821AA96CA50069C601 /* Base */ = {isa = PBXFileReference; lastKnownFileType = file.storyboard; name = Base; path = Base.lproj/Main.storyboard; sourceTree = "<group>"; };
		D0421B841AA96CA50069C601 /* Images.xcassets */ = {isa = PBXFileReference; lastKnownFileType = folder.assetcatalog; path = Images.xcassets; sourceTree = "<group>"; };
		D0421B871AA96CA50069C601 /* Base */ = {isa = PBXFileReference; lastKnownFileType = file.xib; name = Base; path = Base.lproj/LaunchScreen.xib; sourceTree = "<group>"; };
		D0421B8D1AA96CA50069C601 /* HermesControllerAppTests.xctest */ = {isa = PBXFileReference; explicitFileType = wrapper.cfbundle; includeInIndex = 0; path = HermesControllerAppTests.xctest; sourceTree = BUILT_PRODUCTS_DIR; };
		D0421B921AA96CA50069C601 /* Info.plist */ = {isa = PBXFileReference; lastKnownFileType = text.plist.xml; path = Info.plist; sourceTree = "<group>"; };
		D05880BE1AB2902E006D7760 /* 37x-Checkmark.png */ = {isa = PBXFileReference; lastKnownFileType = image.png; path = "37x-Checkmark.png"; sourceTree = "<group>"; };
		D05880BF1AB2902E006D7760 /* 37x-Checkmark@2x.png */ = {isa = PBXFileReference; lastKnownFileType = image.png; path = "37x-Checkmark@2x.png"; sourceTree = "<group>"; };
		D05DD6A11AAE81EC0088AF10 /* Constants.h */ = {isa = PBXFileReference; lastKnownFileType = sourcecode.c.h; path = Constants.h; sourceTree = "<group>"; };
		D05DD6A21AAE82710088AF10 /* Constants.m */ = {isa = PBXFileReference; fileEncoding = 4; lastKnownFileType = sourcecode.c.objc; path = Constants.m; sourceTree = "<group>"; };
		D05DD6A41AAEA6DA0088AF10 /* MBProgressHUD.h */ = {isa = PBXFileReference; fileEncoding = 4; lastKnownFileType = sourcecode.c.h; path = MBProgressHUD.h; sourceTree = "<group>"; };
		D05DD6A51AAEA6DA0088AF10 /* MBProgressHUD.m */ = {isa = PBXFileReference; fileEncoding = 4; lastKnownFileType = sourcecode.c.objc; path = MBProgressHUD.m; sourceTree = "<group>"; };
		D05DD6A71AAEAB750088AF10 /* BluetoothInterface1.h */ = {isa = PBXFileReference; fileEncoding = 4; lastKnownFileType = sourcecode.c.h; path = BluetoothInterface1.h; sourceTree = "<group>"; };
		D05DD6A81AAEAB750088AF10 /* BluetoothInterface1.m */ = {isa = PBXFileReference; fileEncoding = 4; lastKnownFileType = sourcecode.c.objc; path = BluetoothInterface1.m; sourceTree = "<group>"; };
		D05DD6AE1AAF8CE10088AF10 /* HermesControllerManager.h */ = {isa = PBXFileReference; fileEncoding = 4; lastKnownFileType = sourcecode.c.h; path = HermesControllerManager.h; sourceTree = "<group>"; };
		D05DD6AF1AAF8CE10088AF10 /* HermesControllerManager.m */ = {isa = PBXFileReference; fileEncoding = 4; lastKnownFileType = sourcecode.c.objc; path = HermesControllerManager.m; sourceTree = "<group>"; };
		D05DD6B11AB0D4130088AF10 /* BLEInterface.h */ = {isa = PBXFileReference; fileEncoding = 4; lastKnownFileType = sourcecode.c.h; path = BLEInterface.h; sourceTree = "<group>"; };
		D05DD6B21AB0D4130088AF10 /* BLEInterface.m */ = {isa = PBXFileReference; fileEncoding = 4; lastKnownFileType = sourcecode.c.objc; path = BLEInterface.m; sourceTree = "<group>"; };
		D0751F991AACF03600439377 /* LiveModeViewController.h */ = {isa = PBXFileReference; fileEncoding = 4; lastKnownFileType = sourcecode.c.h; path = LiveModeViewController.h; sourceTree = "<group>"; };
		D0751F9A1AACF03600439377 /* LiveModeViewController.m */ = {isa = PBXFileReference; fileEncoding = 4; lastKnownFileType = sourcecode.c.objc; path = LiveModeViewController.m; sourceTree = "<group>"; };
		D0F2346E1AB7DBF600E6D609 /* PositionViewController.h */ = {isa = PBXFileReference; fileEncoding = 4; lastKnownFileType = sourcecode.c.h; path = PositionViewController.h; sourceTree = "<group>"; };
		D0F2346F1AB7DBF600E6D609 /* PositionViewController.m */ = {isa = PBXFileReference; fileEncoding = 4; lastKnownFileType = sourcecode.c.objc; path = PositionViewController.m; sourceTree = "<group>"; };
/* End PBXFileReference section */

/* Begin PBXFrameworksBuildPhase section */
		D0421B711AA96CA50069C601 /* Frameworks */ = {
			isa = PBXFrameworksBuildPhase;
			buildActionMask = 2147483647;
			files = (
			);
			runOnlyForDeploymentPostprocessing = 0;
		};
		D0421B8A1AA96CA50069C601 /* Frameworks */ = {
			isa = PBXFrameworksBuildPhase;
			buildActionMask = 2147483647;
			files = (
			);
			runOnlyForDeploymentPostprocessing = 0;
		};
/* End PBXFrameworksBuildPhase section */

/* Begin PBXGroup section */
		87B1833C1AB917FD00BB2515 /* Time Lapse Mode */ = {
			isa = PBXGroup;
			children = (
				D03958641AB4F6E0001F6A4D /* TimeLapseModeSetTableViewController.h */,
				D03958651AB4F6E0001F6A4D /* TimeLapseModeSetTableViewController.m */,
				D03958611AB4F609001F6A4D /* TimeLapseModeReviewViewController.h */,
				D03958621AB4F609001F6A4D /* TimeLapseModeReviewViewController.m */,
			);
			name = "Time Lapse Mode";
			sourceTree = "<group>";
		};
		87B1833D1AB9180D00BB2515 /* Stop Motion Mode */ = {
			isa = PBXGroup;
			children = (
				87B183391AB917DE00BB2515 /* StopMotionModeSetTableViewController.h */,
				87B1833A1AB917DE00BB2515 /* StopMotionModeSetTableViewController.m */,
				87B183441AB92DAE00BB2515 /* StopMotionModeReviewViewController.h */,
				87B183451AB92DAE00BB2515 /* StopMotionModeReviewViewController.m */,
			);
			name = "Stop Motion Mode";
			sourceTree = "<group>";
		};
		D0421B6B1AA96CA50069C601 = {
			isa = PBXGroup;
			children = (
				D0421B761AA96CA50069C601 /* HermesControllerApp */,
				D0421B901AA96CA50069C601 /* HermesControllerAppTests */,
				D0421B751AA96CA50069C601 /* Products */,
			);
			sourceTree = "<group>";
		};
		D0421B751AA96CA50069C601 /* Products */ = {
			isa = PBXGroup;
			children = (
				D0421B741AA96CA50069C601 /* HermesControllerApp.app */,
				D0421B8D1AA96CA50069C601 /* HermesControllerAppTests.xctest */,
			);
			name = Products;
			sourceTree = "<group>";
		};
		D0421B761AA96CA50069C601 /* HermesControllerApp */ = {
			isa = PBXGroup;
			children = (
				D0421B7B1AA96CA50069C601 /* AppDelegate.h */,
				D0421B7C1AA96CA50069C601 /* AppDelegate.m */,
				D05DD6AA1AAF749B0088AF10 /* Model */,
				D0751F9C1AACF0CF00439377 /* Controller */,
				D0421B811AA96CA50069C601 /* Main.storyboard */,
				D0421B841AA96CA50069C601 /* Images.xcassets */,
				D0421B861AA96CA50069C601 /* LaunchScreen.xib */,
				D0421B771AA96CA50069C601 /* Supporting Files */,
			);
			name = HermesControllerApp;
			path = "Hermes Controller";
			sourceTree = "<group>";
		};
		D0421B771AA96CA50069C601 /* Supporting Files */ = {
			isa = PBXGroup;
			children = (
				D05DD6A41AAEA6DA0088AF10 /* MBProgressHUD.h */,
				D05DD6A51AAEA6DA0088AF10 /* MBProgressHUD.m */,
				D05DD6A11AAE81EC0088AF10 /* Constants.h */,
				D05DD6A21AAE82710088AF10 /* Constants.m */,
				D0421B781AA96CA50069C601 /* Info.plist */,
				D0421B791AA96CA50069C601 /* main.m */,
				87B183411AB920B500BB2515 /* UIPickerView_SelectionBarLabelSupport.h */,
				87B183421AB920D700BB2515 /* UIPickerView_SelectionBarLabelSupport.m */,
				D03958671AB4F9B3001F6A4D /* LabeledPickerView.h */,
				D03958681AB4F9B3001F6A4D /* LabeledPickerView.m */,
				D05880BE1AB2902E006D7760 /* 37x-Checkmark.png */,
				D05880BF1AB2902E006D7760 /* 37x-Checkmark@2x.png */,
			);
			name = "Supporting Files";
			sourceTree = "<group>";
		};
		D0421B901AA96CA50069C601 /* HermesControllerAppTests */ = {
			isa = PBXGroup;
			children = (
				D0421B911AA96CA50069C601 /* Supporting Files */,
			);
			name = HermesControllerAppTests;
			path = "Hermes ControllerTests";
			sourceTree = "<group>";
		};
		D0421B911AA96CA50069C601 /* Supporting Files */ = {
			isa = PBXGroup;
			children = (
				D0421B921AA96CA50069C601 /* Info.plist */,
			);
			name = "Supporting Files";
			sourceTree = "<group>";
		};
		D05DD6AA1AAF749B0088AF10 /* Model */ = {
			isa = PBXGroup;
			children = (
				D05DD6AE1AAF8CE10088AF10 /* HermesControllerManager.h */,
				D05DD6AF1AAF8CE10088AF10 /* HermesControllerManager.m */,
				D05DD6B11AB0D4130088AF10 /* BLEInterface.h */,
				D05DD6B21AB0D4130088AF10 /* BLEInterface.m */,
				D05DD6A71AAEAB750088AF10 /* BluetoothInterface1.h */,
				D05DD6A81AAEAB750088AF10 /* BluetoothInterface1.m */,
			);
			name = Model;
			sourceTree = "<group>";
		};
		D0751F9C1AACF0CF00439377 /* Controller */ = {
			isa = PBXGroup;
			children = (
				D0751F991AACF03600439377 /* LiveModeViewController.h */,
				D0751F9A1AACF03600439377 /* LiveModeViewController.m */,
				87B1833C1AB917FD00BB2515 /* Time Lapse Mode */,
				87B1833D1AB9180D00BB2515 /* Stop Motion Mode */,
				87B183471AB9357D00BB2515 /* ConnectionHelperViewController.h */,
				87B183481AB9357D00BB2515 /* ConnectionHelperViewController.m */,
				87B1833E1AB91DCE00BB2515 /* HelpViewController.h */,
				87B1833F1AB91DCE00BB2515 /* HelpViewController.m */,
				D0F2346E1AB7DBF600E6D609 /* PositionViewController.h */,
				D0F2346F1AB7DBF600E6D609 /* PositionViewController.m */,
			);
			name = Controller;
			sourceTree = "<group>";
		};
/* End PBXGroup section */

/* Begin PBXNativeTarget section */
		D0421B731AA96CA50069C601 /* HermesControllerApp */ = {
			isa = PBXNativeTarget;
			buildConfigurationList = D0421B971AA96CA50069C601 /* Build configuration list for PBXNativeTarget "HermesControllerApp" */;
			buildPhases = (
				D0421B701AA96CA50069C601 /* Sources */,
				D0421B711AA96CA50069C601 /* Frameworks */,
				D0421B721AA96CA50069C601 /* Resources */,
			);
			buildRules = (
			);
			dependencies = (
			);
			name = HermesControllerApp;
			productName = "Hermes Controller";
			productReference = D0421B741AA96CA50069C601 /* HermesControllerApp.app */;
			productType = "com.apple.product-type.application";
		};
		D0421B8C1AA96CA50069C601 /* HermesControllerAppTests */ = {
			isa = PBXNativeTarget;
			buildConfigurationList = D0421B9A1AA96CA50069C601 /* Build configuration list for PBXNativeTarget "HermesControllerAppTests" */;
			buildPhases = (
				D0421B891AA96CA50069C601 /* Sources */,
				D0421B8A1AA96CA50069C601 /* Frameworks */,
				D0421B8B1AA96CA50069C601 /* Resources */,
			);
			buildRules = (
			);
			dependencies = (
				D0421B8F1AA96CA50069C601 /* PBXTargetDependency */,
			);
			name = HermesControllerAppTests;
			productName = "Hermes ControllerTests";
			productReference = D0421B8D1AA96CA50069C601 /* HermesControllerAppTests.xctest */;
			productType = "com.apple.product-type.bundle.unit-test";
		};
/* End PBXNativeTarget section */

/* Begin PBXProject section */
		D0421B6C1AA96CA50069C601 /* Project object */ = {
			isa = PBXProject;
			attributes = {
				LastUpgradeCheck = 0610;
				ORGANIZATIONNAME = vitaMotu;
				TargetAttributes = {
					D0421B731AA96CA50069C601 = {
						CreatedOnToolsVersion = 6.1.1;
					};
					D0421B8C1AA96CA50069C601 = {
						CreatedOnToolsVersion = 6.1.1;
						TestTargetID = D0421B731AA96CA50069C601;
					};
				};
			};
			buildConfigurationList = D0421B6F1AA96CA50069C601 /* Build configuration list for PBXProject "HermesControllerApp" */;
			compatibilityVersion = "Xcode 3.2";
			developmentRegion = English;
			hasScannedForEncodings = 0;
			knownRegions = (
				en,
				Base,
			);
			mainGroup = D0421B6B1AA96CA50069C601;
			productRefGroup = D0421B751AA96CA50069C601 /* Products */;
			projectDirPath = "";
			projectRoot = "";
			targets = (
				D0421B731AA96CA50069C601 /* HermesControllerApp */,
				D0421B8C1AA96CA50069C601 /* HermesControllerAppTests */,
			);
		};
/* End PBXProject section */

/* Begin PBXResourcesBuildPhase section */
		D0421B721AA96CA50069C601 /* Resources */ = {
			isa = PBXResourcesBuildPhase;
			buildActionMask = 2147483647;
			files = (
				D05880C01AB2902E006D7760 /* 37x-Checkmark.png in Resources */,
				D0421B831AA96CA50069C601 /* Main.storyboard in Resources */,
				D0421B881AA96CA50069C601 /* LaunchScreen.xib in Resources */,
				D05880C11AB2902E006D7760 /* 37x-Checkmark@2x.png in Resources */,
				D0421B851AA96CA50069C601 /* Images.xcassets in Resources */,
			);
			runOnlyForDeploymentPostprocessing = 0;
		};
		D0421B8B1AA96CA50069C601 /* Resources */ = {
			isa = PBXResourcesBuildPhase;
			buildActionMask = 2147483647;
			files = (
			);
			runOnlyForDeploymentPostprocessing = 0;
		};
/* End PBXResourcesBuildPhase section */

/* Begin PBXSourcesBuildPhase section */
		D0421B701AA96CA50069C601 /* Sources */ = {
			isa = PBXSourcesBuildPhase;
			buildActionMask = 2147483647;
			files = (
				87B183461AB92DAE00BB2515 /* StopMotionModeReviewViewController.m in Sources */,
				87B183431AB920D700BB2515 /* UIPickerView_SelectionBarLabelSupport.m in Sources */,
				87B183491AB9357D00BB2515 /* ConnectionHelperViewController.m in Sources */,
				D0421B7D1AA96CA50069C601 /* AppDelegate.m in Sources */,
				D0421B7A1AA96CA50069C601 /* main.m in Sources */,
				D05DD6B31AB0D4130088AF10 /* BLEInterface.m in Sources */,
				D05DD6A61AAEA6DA0088AF10 /* MBProgressHUD.m in Sources */,
				D03958661AB4F6E0001F6A4D /* TimeLapseModeSetTableViewController.m in Sources */,
				D03958631AB4F609001F6A4D /* TimeLapseModeReviewViewController.m in Sources */,
				D03958691AB4F9B3001F6A4D /* LabeledPickerView.m in Sources */,
				D0751F9B1AACF03600439377 /* LiveModeViewController.m in Sources */,
				D05DD6A31AAE82710088AF10 /* Constants.m in Sources */,
				D05DD6B01AAF8CE10088AF10 /* HermesControllerManager.m in Sources */,
				87B183401AB91DCE00BB2515 /* HelpViewController.m in Sources */,
				87B1833B1AB917DE00BB2515 /* StopMotionModeSetTableViewController.m in Sources */,
				D0F234701AB7DBF600E6D609 /* PositionViewController.m in Sources */,
			);
			runOnlyForDeploymentPostprocessing = 0;
		};
		D0421B891AA96CA50069C601 /* Sources */ = {
			isa = PBXSourcesBuildPhase;
			buildActionMask = 2147483647;
			files = (
			);
			runOnlyForDeploymentPostprocessing = 0;
		};
/* End PBXSourcesBuildPhase section */

/* Begin PBXTargetDependency section */
		D0421B8F1AA96CA50069C601 /* PBXTargetDependency */ = {
			isa = PBXTargetDependency;
			target = D0421B731AA96CA50069C601 /* HermesControllerApp */;
			targetProxy = D0421B8E1AA96CA50069C601 /* PBXContainerItemProxy */;
		};
/* End PBXTargetDependency section */

/* Begin PBXVariantGroup section */
		D0421B811AA96CA50069C601 /* Main.storyboard */ = {
			isa = PBXVariantGroup;
			children = (
				D0421B821AA96CA50069C601 /* Base */,
			);
			name = Main.storyboard;
			sourceTree = "<group>";
		};
		D0421B861AA96CA50069C601 /* LaunchScreen.xib */ = {
			isa = PBXVariantGroup;
			children = (
				D0421B871AA96CA50069C601 /* Base */,
			);
			name = LaunchScreen.xib;
			sourceTree = "<group>";
		};
/* End PBXVariantGroup section */

/* Begin XCBuildConfiguration section */
		D0421B951AA96CA50069C601 /* Debug */ = {
			isa = XCBuildConfiguration;
			buildSettings = {
				ALWAYS_SEARCH_USER_PATHS = NO;
				CLANG_CXX_LANGUAGE_STANDARD = "gnu++0x";
				CLANG_CXX_LIBRARY = "libc++";
				CLANG_ENABLE_MODULES = YES;
				CLANG_ENABLE_OBJC_ARC = YES;
				CLANG_WARN_BOOL_CONVERSION = YES;
				CLANG_WARN_CONSTANT_CONVERSION = YES;
				CLANG_WARN_DIRECT_OBJC_ISA_USAGE = YES_ERROR;
				CLANG_WARN_EMPTY_BODY = YES;
				CLANG_WARN_ENUM_CONVERSION = YES;
				CLANG_WARN_INT_CONVERSION = YES;
				CLANG_WARN_OBJC_ROOT_CLASS = YES_ERROR;
				CLANG_WARN_UNREACHABLE_CODE = YES;
				CLANG_WARN__DUPLICATE_METHOD_MATCH = YES;
				"CODE_SIGN_IDENTITY[sdk=iphoneos*]" = "iPhone Developer";
				COPY_PHASE_STRIP = NO;
				ENABLE_STRICT_OBJC_MSGSEND = YES;
				GCC_C_LANGUAGE_STANDARD = gnu99;
				GCC_DYNAMIC_NO_PIC = NO;
				GCC_OPTIMIZATION_LEVEL = 0;
				GCC_PREPROCESSOR_DEFINITIONS = (
					"DEBUG=1",
					"$(inherited)",
				);
				GCC_SYMBOLS_PRIVATE_EXTERN = NO;
				GCC_WARN_64_TO_32_BIT_CONVERSION = YES;
				GCC_WARN_ABOUT_RETURN_TYPE = YES_ERROR;
				GCC_WARN_UNDECLARED_SELECTOR = YES;
				GCC_WARN_UNINITIALIZED_AUTOS = YES_AGGRESSIVE;
				GCC_WARN_UNUSED_FUNCTION = YES;
				GCC_WARN_UNUSED_VARIABLE = YES;
				IPHONEOS_DEPLOYMENT_TARGET = 8.1;
				MTL_ENABLE_DEBUG_INFO = YES;
				ONLY_ACTIVE_ARCH = YES;
				SDKROOT = iphoneos;
			};
			name = Debug;
		};
		D0421B961AA96CA50069C601 /* Release */ = {
			isa = XCBuildConfiguration;
			buildSettings = {
				ALWAYS_SEARCH_USER_PATHS = NO;
				CLANG_CXX_LANGUAGE_STANDARD = "gnu++0x";
				CLANG_CXX_LIBRARY = "libc++";
				CLANG_ENABLE_MODULES = YES;
				CLANG_ENABLE_OBJC_ARC = YES;
				CLANG_WARN_BOOL_CONVERSION = YES;
				CLANG_WARN_CONSTANT_CONVERSION = YES;
				CLANG_WARN_DIRECT_OBJC_ISA_USAGE = YES_ERROR;
				CLANG_WARN_EMPTY_BODY = YES;
				CLANG_WARN_ENUM_CONVERSION = YES;
				CLANG_WARN_INT_CONVERSION = YES;
				CLANG_WARN_OBJC_ROOT_CLASS = YES_ERROR;
				CLANG_WARN_UNREACHABLE_CODE = YES;
				CLANG_WARN__DUPLICATE_METHOD_MATCH = YES;
				"CODE_SIGN_IDENTITY[sdk=iphoneos*]" = "iPhone Developer";
				COPY_PHASE_STRIP = YES;
				ENABLE_NS_ASSERTIONS = NO;
				ENABLE_STRICT_OBJC_MSGSEND = YES;
				GCC_C_LANGUAGE_STANDARD = gnu99;
				GCC_WARN_64_TO_32_BIT_CONVERSION = YES;
				GCC_WARN_ABOUT_RETURN_TYPE = YES_ERROR;
				GCC_WARN_UNDECLARED_SELECTOR = YES;
				GCC_WARN_UNINITIALIZED_AUTOS = YES_AGGRESSIVE;
				GCC_WARN_UNUSED_FUNCTION = YES;
				GCC_WARN_UNUSED_VARIABLE = YES;
				IPHONEOS_DEPLOYMENT_TARGET = 8.1;
				MTL_ENABLE_DEBUG_INFO = NO;
				SDKROOT = iphoneos;
				VALIDATE_PRODUCT = YES;
			};
			name = Release;
		};
		D0421B981AA96CA50069C601 /* Debug */ = {
			isa = XCBuildConfiguration;
			buildSettings = {
				ASSETCATALOG_COMPILER_APPICON_NAME = AppIcon;
				INFOPLIST_FILE = "Hermes Controller/Info.plist";
				LD_RUNPATH_SEARCH_PATHS = "$(inherited) @executable_path/Frameworks";
				PRODUCT_NAME = HermesControllerApp;
			};
			name = Debug;
		};
		D0421B991AA96CA50069C601 /* Release */ = {
			isa = XCBuildConfiguration;
			buildSettings = {
				ASSETCATALOG_COMPILER_APPICON_NAME = AppIcon;
				INFOPLIST_FILE = "Hermes Controller/Info.plist";
				LD_RUNPATH_SEARCH_PATHS = "$(inherited) @executable_path/Frameworks";
				PRODUCT_NAME = HermesControllerApp;
			};
			name = Release;
		};
		D0421B9B1AA96CA50069C601 /* Debug */ = {
			isa = XCBuildConfiguration;
			buildSettings = {
				BUNDLE_LOADER = "$(TEST_HOST)";
				FRAMEWORK_SEARCH_PATHS = (
					"$(SDKROOT)/Developer/Library/Frameworks",
					"$(inherited)",
				);
				GCC_PREPROCESSOR_DEFINITIONS = (
					"DEBUG=1",
					"$(inherited)",
				);
				INFOPLIST_FILE = "Hermes ControllerTests/Info.plist";
				LD_RUNPATH_SEARCH_PATHS = "$(inherited) @executable_path/Frameworks @loader_path/Frameworks";
				PRODUCT_NAME = HermesControllerAppTests;
				TEST_HOST = "$(BUILT_PRODUCTS_DIR)/Hermes Controller.app/Hermes Controller";
			};
			name = Debug;
		};
		D0421B9C1AA96CA50069C601 /* Release */ = {
			isa = XCBuildConfiguration;
			buildSettings = {
				BUNDLE_LOADER = "$(TEST_HOST)";
				FRAMEWORK_SEARCH_PATHS = (
					"$(SDKROOT)/Developer/Library/Frameworks",
					"$(inherited)",
				);
				INFOPLIST_FILE = "Hermes ControllerTests/Info.plist";
				LD_RUNPATH_SEARCH_PATHS = "$(inherited) @executable_path/Frameworks @loader_path/Frameworks";
				PRODUCT_NAME = HermesControllerAppTests;
				TEST_HOST = "$(BUILT_PRODUCTS_DIR)/Hermes Controller.app/Hermes Controller";
			};
			name = Release;
		};
/* End XCBuildConfiguration section */

/* Begin XCConfigurationList section */
		D0421B6F1AA96CA50069C601 /* Build configuration list for PBXProject "HermesControllerApp" */ = {
			isa = XCConfigurationList;
			buildConfigurations = (
				D0421B951AA96CA50069C601 /* Debug */,
				D0421B961AA96CA50069C601 /* Release */,
			);
			defaultConfigurationIsVisible = 0;
			defaultConfigurationName = Release;
		};
		D0421B971AA96CA50069C601 /* Build configuration list for PBXNativeTarget "HermesControllerApp" */ = {
			isa = XCConfigurationList;
			buildConfigurations = (
				D0421B981AA96CA50069C601 /* Debug */,
				D0421B991AA96CA50069C601 /* Release */,
			);
			defaultConfigurationIsVisible = 0;
			defaultConfigurationName = Release;
		};
		D0421B9A1AA96CA50069C601 /* Build configuration list for PBXNativeTarget "HermesControllerAppTests" */ = {
			isa = XCConfigurationList;
			buildConfigurations = (
				D0421B9B1AA96CA50069C601 /* Debug */,
				D0421B9C1AA96CA50069C601 /* Release */,
			);
			defaultConfigurationIsVisible = 0;
			defaultConfigurationName = Release;
		};
/* End XCConfigurationList section */
	};
	rootObject = D0421B6C1AA96CA50069C601 /* Project object */;
}
